{
  "requires": true,
  "lockfileVersion": 1,
  "dependencies": {
    "@formspree/core": {
      "version": "2.6.4",
      "resolved": "https://registry.npmjs.org/@formspree/core/-/core-2.6.4.tgz",
      "integrity": "sha512-g9J4iBG876xz12Sgu34P2Z3424RLgC9p9hmfwnS6lpYH6m9M6IHK5sC9h1jZo9nQKmaDNpoVc53++zijrGDHcA==",
      "requires": {
        "@types/promise-polyfill": "^6.0.3",
        "fetch-ponyfill": "^6.1.0",
        "promise-polyfill": "^8.1.3"
      }
    },
    "@formspree/react": {
      "version": "2.2.5",
      "resolved": "https://registry.npmjs.org/@formspree/react/-/react-2.2.5.tgz",
      "integrity": "sha512-wEJK6525yaYlQ36EIOfhdTVwmXhUfueEaxaDeHoEMSwac4AUHNfEgVzKNBnizhICyX0Qs5gTiGCvLZRTSGYwQA==",
      "requires": {
        "@formspree/core": "^2.6.3"
      }
    },
    "@types/promise-polyfill": {
      "version": "6.0.4",
      "resolved": "https://registry.npmjs.org/@types/promise-polyfill/-/promise-polyfill-6.0.4.tgz",
      "integrity": "sha512-GSCjjH6mDS8jgpT22rEOkZVqZcYj7i9AHJu4ntpvoohEpa0mLAKP/Kz3POMKqABaFsS4TyNHOeoyWpzycddcoQ=="
    },
    "fetch-ponyfill": {
      "version": "6.1.1",
      "resolved": "https://registry.npmjs.org/fetch-ponyfill/-/fetch-ponyfill-6.1.1.tgz",
      "integrity": "sha512-rWLgTr5A44/XhvCQPYj0X9Tc+cjUaHofSM4lcwjc9MavD5lkjIhJ+h8JQlavPlTIgDpwhuRozaIykBvX9ItaSA==",
      "requires": {
        "node-fetch": "~2.6.0"
      }
    },
    "node-fetch": {
      "version": "2.6.7",
      "resolved": "https://registry.npmjs.org/node-fetch/-/node-fetch-2.6.7.tgz",
      "integrity": "sha512-ZjMPFEfVx5j+y2yF35Kzx5sF7kDzxuDj6ziH4FFbOp87zKDZNx8yExJIb05OGF4Nlt9IHFIMBkRl41VdvcNdbQ==",
      "requires": {
        "whatwg-url": "^5.0.0"
      }
    },
    "promise-polyfill": {
      "version": "8.2.3",
      "resolved": "https://registry.npmjs.org/promise-polyfill/-/promise-polyfill-8.2.3.tgz",
      "integrity": "sha512-Og0+jCRQetV84U8wVjMNccfGCnMQ9mGs9Hv78QFe+pSDD3gWTpz0y+1QCuxy5d/vBFuZ3iwP2eycAkvqIMPmWg=="
    },
    "tr46": {
      "version": "0.0.3",
      "resolved": "https://registry.npmjs.org/tr46/-/tr46-0.0.3.tgz",
      "integrity": "sha512-N3WMsuqV66lT30CrXNbEjx4GEwlow3v6rr4mCcv6prnfwhS01rkgyFdjPNBYd9br7LpXV1+Emh01fHnq2Gdgrw=="
    },
    "webidl-conversions": {
      "version": "3.0.1",
      "resolved": "https://registry.npmjs.org/webidl-conversions/-/webidl-conversions-3.0.1.tgz",
      "integrity": "sha512-2JAn3z8AR6rjK8Sm8orRC0h/bcl/DqL7tRPdGZ4I1CjdF+EaMLmYxBHyXuKL849eucPFhvBoxMsflfOb8kxaeQ=="
    },
    "whatwg-url": {
      "version": "5.0.0",
      "resolved": "https://registry.npmjs.org/whatwg-url/-/whatwg-url-5.0.0.tgz",
      "integrity": "sha512-saE57nupxk6v3HY35+jzBwYa0rKSy0XR8JSxZPwgLr7ys0IBzhGviA1/TUGJLmSVqs8pb9AnvICXEuOHLprYTw==",
      "requires": {
        "tr46": "~0.0.3",
        "webidl-conversions": "^3.0.0"
      }
    }
  }
}
